// !$*UTF8*$!
{
	archiveVersion = 1;
	classes = {
	};
	objectVersion = 46;
	objects = {

/* Begin PBXBuildFile section */
		811B36A11CF6B0B400058002 /* AppDelegate.swift in Sources */ = {isa = PBXBuildFile; fileRef = 811B36A01CF6B0B400058002 /* AppDelegate.swift */; };
		811B36A31CF6B0B400058002 /* ViewController.swift in Sources */ = {isa = PBXBuildFile; fileRef = 811B36A21CF6B0B400058002 /* ViewController.swift */; };
		811B36A61CF6B0B400058002 /* Main.storyboard in Resources */ = {isa = PBXBuildFile; fileRef = 811B36A41CF6B0B400058002 /* Main.storyboard */; };
		811B36A81CF6B0B400058002 /* Assets.xcassets in Resources */ = {isa = PBXBuildFile; fileRef = 811B36A71CF6B0B400058002 /* Assets.xcassets */; };
		811B36AB1CF6B0B400058002 /* LaunchScreen.storyboard in Resources */ = {isa = PBXBuildFile; fileRef = 811B36A91CF6B0B400058002 /* LaunchScreen.storyboard */; };
		811B36B61CF6B0B400058002 /* TipCalcTests.swift in Sources */ = {isa = PBXBuildFile; fileRef = 811B36B51CF6B0B400058002 /* TipCalcTests.swift */; };
		811B36C11CF6B0B400058002 /* TipCalcUITests.swift in Sources */ = {isa = PBXBuildFile; fileRef = 811B36C01CF6B0B400058002 /* TipCalcUITests.swift */; };
		811B36D11CF6BA2700058002 /* TipCalcViewController.swift in Sources */ = {isa = PBXBuildFile; fileRef = 811B36D01CF6BA2700058002 /* TipCalcViewController.swift */; };
		811B36D31CFE00D600058002 /* testdata.json in Resources */ = {isa = PBXBuildFile; fileRef = 811B36D21CFE00D600058002 /* testdata.json */; };
/* End PBXBuildFile section */

/* Begin PBXContainerItemProxy section */
		811B36B21CF6B0B400058002 /* PBXContainerItemProxy */ = {
			isa = PBXContainerItemProxy;
			containerPortal = 811B36951CF6B0B400058002 /* Project object */;
			proxyType = 1;
			remoteGlobalIDString = 811B369C1CF6B0B400058002;
			remoteInfo = TipCalc;
		};
		811B36BD1CF6B0B400058002 /* PBXContainerItemProxy */ = {
			isa = PBXContainerItemProxy;
			containerPortal = 811B36951CF6B0B400058002 /* Project object */;
			proxyType = 1;
			remoteGlobalIDString = 811B369C1CF6B0B400058002;
			remoteInfo = TipCalc;
		};
/* End PBXContainerItemProxy section */

/* Begin PBXFileReference section */
		811B369D1CF6B0B400058002 /* TipCalc.app */ = {isa = PBXFileReference; explicitFileType = wrapper.application; includeInIndex = 0; path = TipCalc.app; sourceTree = BUILT_PRODUCTS_DIR; };
		811B36A01CF6B0B400058002 /* AppDelegate.swift */ = {isa = PBXFileReference; lastKnownFileType = sourcecode.swift; path = AppDelegate.swift; sourceTree = "<group>"; };
		811B36A21CF6B0B400058002 /* ViewController.swift */ = {isa = PBXFileReference; lastKnownFileType = sourcecode.swift; path = ViewController.swift; sourceTree = "<group>"; };
		811B36A51CF6B0B400058002 /* Base */ = {isa = PBXFileReference; lastKnownFileType = file.storyboard; name = Base; path = Base.lproj/Main.storyboard; sourceTree = "<group>"; };
		811B36A71CF6B0B400058002 /* Assets.xcassets */ = {isa = PBXFileReference; lastKnownFileType = folder.assetcatalog; path = Assets.xcassets; sourceTree = "<group>"; };
		811B36AA1CF6B0B400058002 /* Base */ = {isa = PBXFileReference; lastKnownFileType = file.storyboard; name = Base; path = Base.lproj/LaunchScreen.storyboard; sourceTree = "<group>"; };
		811B36AC1CF6B0B400058002 /* Info.plist */ = {isa = PBXFileReference; lastKnownFileType = text.plist.xml; path = Info.plist; sourceTree = "<group>"; };
		811B36B11CF6B0B400058002 /* TipCalcTests.xctest */ = {isa = PBXFileReference; explicitFileType = wrapper.cfbundle; includeInIndex = 0; path = TipCalcTests.xctest; sourceTree = BUILT_PRODUCTS_DIR; };
		811B36B51CF6B0B400058002 /* TipCalcTests.swift */ = {isa = PBXFileReference; lastKnownFileType = sourcecode.swift; path = TipCalcTests.swift; sourceTree = "<group>"; };
		811B36B71CF6B0B400058002 /* Info.plist */ = {isa = PBXFileReference; lastKnownFileType = text.plist.xml; path = Info.plist; sourceTree = "<group>"; };
		811B36BC1CF6B0B400058002 /* TipCalcUITests.xctest */ = {isa = PBXFileReference; explicitFileType = wrapper.cfbundle; includeInIndex = 0; path = TipCalcUITests.xctest; sourceTree = BUILT_PRODUCTS_DIR; };
		811B36C01CF6B0B400058002 /* TipCalcUITests.swift */ = {isa = PBXFileReference; lastKnownFileType = sourcecode.swift; path = TipCalcUITests.swift; sourceTree = "<group>"; };
		811B36C21CF6B0B400058002 /* Info.plist */ = {isa = PBXFileReference; lastKnownFileType = text.plist.xml; path = Info.plist; sourceTree = "<group>"; };
		811B36D01CF6BA2700058002 /* TipCalcViewController.swift */ = {isa = PBXFileReference; fileEncoding = 4; lastKnownFileType = sourcecode.swift; path = TipCalcViewController.swift; sourceTree = SOURCE_ROOT; };
		811B36D21CFE00D600058002 /* testdata.json */ = {isa = PBXFileReference; fileEncoding = 4; lastKnownFileType = text.json; path = testdata.json; sourceTree = "<group>"; };
/* End PBXFileReference section */

/* Begin PBXFrameworksBuildPhase section */
		811B369A1CF6B0B400058002 /* Frameworks */ = {
			isa = PBXFrameworksBuildPhase;
			buildActionMask = 2147483647;
			files = (
			);
			runOnlyForDeploymentPostprocessing = 0;
		};
		811B36AE1CF6B0B400058002 /* Frameworks */ = {
			isa = PBXFrameworksBuildPhase;
			buildActionMask = 2147483647;
			files = (
			);
			runOnlyForDeploymentPostprocessing = 0;
		};
		811B36B91CF6B0B400058002 /* Frameworks */ = {
			isa = PBXFrameworksBuildPhase;
			buildActionMask = 2147483647;
			files = (
			);
			runOnlyForDeploymentPostprocessing = 0;
		};
/* End PBXFrameworksBuildPhase section */

/* Begin PBXGroup section */
		811B36941CF6B0B400058002 = {
			isa = PBXGroup;
			children = (
				811B369F1CF6B0B400058002 /* TipCalc */,
				811B36B41CF6B0B400058002 /* TipCalcTests */,
				811B36BF1CF6B0B400058002 /* TipCalcUITests */,
				811B369E1CF6B0B400058002 /* Products */,
			);
			sourceTree = "<group>";
		};
		811B369E1CF6B0B400058002 /* Products */ = {
			isa = PBXGroup;
			children = (
				811B369D1CF6B0B400058002 /* TipCalc.app */,
				811B36B11CF6B0B400058002 /* TipCalcTests.xctest */,
				811B36BC1CF6B0B400058002 /* TipCalcUITests.xctest */,
			);
			name = Products;
			sourceTree = "<group>";
		};
		811B369F1CF6B0B400058002 /* TipCalc */ = {
			isa = PBXGroup;
			children = (
				811B36D21CFE00D600058002 /* testdata.json */,
				811B36D01CF6BA2700058002 /* TipCalcViewController.swift */,
				811B36A01CF6B0B400058002 /* AppDelegate.swift */,
				811B36A21CF6B0B400058002 /* ViewController.swift */,
				811B36A41CF6B0B400058002 /* Main.storyboard */,
				811B36A71CF6B0B400058002 /* Assets.xcassets */,
				811B36A91CF6B0B400058002 /* LaunchScreen.storyboard */,
				811B36AC1CF6B0B400058002 /* Info.plist */,
			);
			path = TipCalc;
			sourceTree = "<group>";
		};
		811B36B41CF6B0B400058002 /* TipCalcTests */ = {
			isa = PBXGroup;
			children = (
				811B36B51CF6B0B400058002 /* TipCalcTests.swift */,
				811B36B71CF6B0B400058002 /* Info.plist */,
			);
			path = TipCalcTests;
			sourceTree = "<group>";
		};
		811B36BF1CF6B0B400058002 /* TipCalcUITests */ = {
			isa = PBXGroup;
			children = (
				811B36C01CF6B0B400058002 /* TipCalcUITests.swift */,
				811B36C21CF6B0B400058002 /* Info.plist */,
			);
			path = TipCalcUITests;
			sourceTree = "<group>";
		};
/* End PBXGroup section */

/* Begin PBXNativeTarget section */
		811B369C1CF6B0B400058002 /* TipCalc */ = {
			isa = PBXNativeTarget;
			buildConfigurationList = 811B36C51CF6B0B400058002 /* Build configuration list for PBXNativeTarget "TipCalc" */;
			buildPhases = (
				811B36991CF6B0B400058002 /* Sources */,
				811B369A1CF6B0B400058002 /* Frameworks */,
				811B369B1CF6B0B400058002 /* Resources */,
			);
			buildRules = (
			);
			dependencies = (
			);
			name = TipCalc;
			productName = TipCalc;
			productReference = 811B369D1CF6B0B400058002 /* TipCalc.app */;
			productType = "com.apple.product-type.application";
		};
		811B36B01CF6B0B400058002 /* TipCalcTests */ = {
			isa = PBXNativeTarget;
			buildConfigurationList = 811B36C81CF6B0B400058002 /* Build configuration list for PBXNativeTarget "TipCalcTests" */;
			buildPhases = (
				811B36AD1CF6B0B400058002 /* Sources */,
				811B36AE1CF6B0B400058002 /* Frameworks */,
				811B36AF1CF6B0B400058002 /* Resources */,
			);
			buildRules = (
			);
			dependencies = (
				811B36B31CF6B0B400058002 /* PBXTargetDependency */,
			);
			name = TipCalcTests;
			productName = TipCalcTests;
			productReference = 811B36B11CF6B0B400058002 /* TipCalcTests.xctest */;
			productType = "com.apple.product-type.bundle.unit-test";
		};
		811B36BB1CF6B0B400058002 /* TipCalcUITests */ = {
			isa = PBXNativeTarget;
			buildConfigurationList = 811B36CB1CF6B0B400058002 /* Build configuration list for PBXNativeTarget "TipCalcUITests" */;
			buildPhases = (
				811B36B81CF6B0B400058002 /* Sources */,
				811B36B91CF6B0B400058002 /* Frameworks */,
				811B36BA1CF6B0B400058002 /* Resources */,
			);
			buildRules = (
			);
			dependencies = (
				811B36BE1CF6B0B400058002 /* PBXTargetDependency */,
			);
			name = TipCalcUITests;
			productName = TipCalcUITests;
			productReference = 811B36BC1CF6B0B400058002 /* TipCalcUITests.xctest */;
			productType = "com.apple.product-type.bundle.ui-testing";
		};
/* End PBXNativeTarget section */

/* Begin PBXProject section */
		811B36951CF6B0B400058002 /* Project object */ = {
			isa = PBXProject;
			attributes = {
				LastSwiftUpdateCheck = 0730;
				LastUpgradeCheck = 0730;
				ORGANIZATIONNAME = "Luca Hagel";
				TargetAttributes = {
					811B369C1CF6B0B400058002 = {
						CreatedOnToolsVersion = 7.3.1;
					};
					811B36B01CF6B0B400058002 = {
						CreatedOnToolsVersion = 7.3.1;
						TestTargetID = 811B369C1CF6B0B400058002;
					};
					811B36BB1CF6B0B400058002 = {
						CreatedOnToolsVersion = 7.3.1;
						TestTargetID = 811B369C1CF6B0B400058002;
					};
				};
			};
			buildConfigurationList = 811B36981CF6B0B400058002 /* Build configuration list for PBXProject "TipCalc" */;
			compatibilityVersion = "Xcode 3.2";
			developmentRegion = English;
			hasScannedForEncodings = 0;
			knownRegions = (
				en,
				Base,
			);
			mainGroup = 811B36941CF6B0B400058002;
			productRefGroup = 811B369E1CF6B0B400058002 /* Products */;
			projectDirPath = "";
			projectRoot = "";
			targets = (
				811B369C1CF6B0B400058002 /* TipCalc */,
				811B36B01CF6B0B400058002 /* TipCalcTests */,
				811B36BB1CF6B0B400058002 /* TipCalcUITests */,
			);
		};
/* End PBXProject section */

/* Begin PBXResourcesBuildPhase section */
		811B369B1CF6B0B400058002 /* Resources */ = {
			isa = PBXResourcesBuildPhase;
			buildActionMask = 2147483647;
			files = (
				811B36AB1CF6B0B400058002 /* LaunchScreen.storyboard in Resources */,
				811B36A81CF6B0B400058002 /* Assets.xcassets in Resources */,
				811B36A61CF6B0B400058002 /* Main.storyboard in Resources */,
				811B36D31CFE00D600058002 /* testdata.json in Resources */,
			);
			runOnlyForDeploymentPostprocessing = 0;
		};
		811B36AF1CF6B0B400058002 /* Resources */ = {
			isa = PBXResourcesBuildPhase;
			buildActionMask = 2147483647;
			files = (
			);
			runOnlyForDeploymentPostprocessing = 0;
		};
		811B36BA1CF6B0B400058002 /* Resources */ = {
			isa = PBXResourcesBuildPhase;
			buildActionMask = 2147483647;
			files = (
			);
			runOnlyForDeploymentPostprocessing = 0;
		};
/* End PBXResourcesBuildPhase section */

/* Begin PBXSourcesBuildPhase section */
		811B36991CF6B0B400058002 /* Sources */ = {
			isa = PBXSourcesBuildPhase;
			buildActionMask = 2147483647;
			files = (
				811B36D11CF6BA2700058002 /* TipCalcViewController.swift in Sources */,
				811B36A31CF6B0B400058002 /* ViewController.swift in Sources */,
				811B36A11CF6B0B400058002 /* AppDelegate.swift in Sources */,
			);
			runOnlyForDeploymentPostprocessing = 0;
		};
		811B36AD1CF6B0B400058002 /* Sources */ = {
			isa = PBXSourcesBuildPhase;
			buildActionMask = 2147483647;
			files = (
				811B36B61CF6B0B400058002 /* TipCalcTests.swift in Sources */,
			);
			runOnlyForDeploymentPostprocessing = 0;
		};
		811B36B81CF6B0B400058002 /* Sources */ = {
			isa = PBXSourcesBuildPhase;
			buildActionMask = 2147483647;
			files = (
				811B36C11CF6B0B400058002 /* TipCalcUITests.swift in Sources */,
			);
			runOnlyForDeploymentPostprocessing = 0;
		};
/* End PBXSourcesBuildPhase section */

/* Begin PBXTargetDependency section */
		811B36B31CF6B0B400058002 /* PBXTargetDependency */ = {
			isa = PBXTargetDependency;
			target = 811B369C1CF6B0B400058002 /* TipCalc */;
			targetProxy = 811B36B21CF6B0B400058002 /* PBXContainerItemProxy */;
		};
		811B36BE1CF6B0B400058002 /* PBXTargetDependency */ = {
			isa = PBXTargetDependency;
			target = 811B369C1CF6B0B400058002 /* TipCalc */;
			targetProxy = 811B36BD1CF6B0B400058002 /* PBXContainerItemProxy */;
		};
/* End PBXTargetDependency section */

/* Begin PBXVariantGroup section */
		811B36A41CF6B0B400058002 /* Main.storyboard */ = {
			isa = PBXVariantGroup;
			children = (
				811B36A51CF6B0B400058002 /* Base */,
			);
			name = Main.storyboard;
			sourceTree = "<group>";
		};
		811B36A91CF6B0B400058002 /* LaunchScreen.storyboard */ = {
			isa = PBXVariantGroup;
			children = (
				811B36AA1CF6B0B400058002 /* Base */,
			);
			name = LaunchScreen.storyboard;
			sourceTree = "<group>";
		};
/* End PBXVariantGroup section */

/* Begin XCBuildConfiguration section */
		811B36C31CF6B0B400058002 /* Debug */ = {
			isa = XCBuildConfiguration;
			buildSettings = {
				ALWAYS_SEARCH_USER_PATHS = NO;
				CLANG_ANALYZER_NONNULL = YES;
				CLANG_CXX_LANGUAGE_STANDARD = "gnu++0x";
				CLANG_CXX_LIBRARY = "libc++";
				CLANG_ENABLE_MODULES = YES;
				CLANG_ENABLE_OBJC_ARC = YES;
				CLANG_WARN_BOOL_CONVERSION = YES;
				CLANG_WARN_CONSTANT_CONVERSION = YES;
				CLANG_WARN_DIRECT_OBJC_ISA_USAGE = YES_ERROR;
				CLANG_WARN_EMPTY_BODY = YES;
				CLANG_WARN_ENUM_CONVERSION = YES;
				CLANG_WARN_INT_CONVERSION = YES;
				CLANG_WARN_OBJC_ROOT_CLASS = YES_ERROR;
				CLANG_WARN_UNREACHABLE_CODE = YES;
				CLANG_WARN__DUPLICATE_METHOD_MATCH = YES;
				"CODE_SIGN_IDENTITY[sdk=iphoneos*]" = "iPhone Developer";
				COPY_PHASE_STRIP = NO;
				DEBUG_INFORMATION_FORMAT = dwarf;
				ENABLE_STRICT_OBJC_MSGSEND = YES;
				ENABLE_TESTABILITY = YES;
				GCC_C_LANGUAGE_STANDARD = gnu99;
				GCC_DYNAMIC_NO_PIC = NO;
				GCC_NO_COMMON_BLOCKS = YES;
				GCC_OPTIMIZATION_LEVEL = 0;
				GCC_PREPROCESSOR_DEFINITIONS = (
					"DEBUG=1",
					"$(inherited)",
				);
				GCC_WARN_64_TO_32_BIT_CONVERSION = YES;
				GCC_WARN_ABOUT_RETURN_TYPE = YES_ERROR;
				GCC_WARN_UNDECLARED_SELECTOR = YES;
				GCC_WARN_UNINITIALIZED_AUTOS = YES_AGGRESSIVE;
				GCC_WARN_UNUSED_FUNCTION = YES;
				GCC_WARN_UNUSED_VARIABLE = YES;
				IPHONEOS_DEPLOYMENT_TARGET = 9.3;
				MTL_ENABLE_DEBUG_INFO = YES;
				ONLY_ACTIVE_ARCH = YES;
				SDKROOT = iphoneos;
				SWIFT_OPTIMIZATION_LEVEL = "-Onone";
			};
			name = Debug;
		};
		811B36C41CF6B0B400058002 /* Release */ = {
			isa = XCBuildConfiguration;
			buildSettings = {
				ALWAYS_SEARCH_USER_PATHS = NO;
				CLANG_ANALYZER_NONNULL = YES;
				CLANG_CXX_LANGUAGE_STANDARD = "gnu++0x";
				CLANG_CXX_LIBRARY = "libc++";
				CLANG_ENABLE_MODULES = YES;
				CLANG_ENABLE_OBJC_ARC = YES;
				CLANG_WARN_BOOL_CONVERSION = YES;
				CLANG_WARN_CONSTANT_CONVERSION = YES;
				CLANG_WARN_DIRECT_OBJC_ISA_USAGE = YES_ERROR;
				CLANG_WARN_EMPTY_BODY = YES;
				CLANG_WARN_ENUM_CONVERSION = YES;
				CLANG_WARN_INT_CONVERSION = YES;
				CLANG_WARN_OBJC_ROOT_CLASS = YES_ERROR;
				CLANG_WARN_UNREACHABLE_CODE = YES;
				CLANG_WARN__DUPLICATE_METHOD_MATCH = YES;
				"CODE_SIGN_IDENTITY[sdk=iphoneos*]" = "iPhone Developer";
				COPY_PHASE_STRIP = NO;
				DEBUG_INFORMATION_FORMAT = "dwarf-with-dsym";
				ENABLE_NS_ASSERTIONS = NO;
				ENABLE_STRICT_OBJC_MSGSEND = YES;
				GCC_C_LANGUAGE_STANDARD = gnu99;
				GCC_NO_COMMON_BLOCKS = YES;
				GCC_WARN_64_TO_32_BIT_CONVERSION = YES;
				GCC_WARN_ABOUT_RETURN_TYPE = YES_ERROR;
				GCC_WARN_UNDECLARED_SELECTOR = YES;
				GCC_WARN_UNINITIALIZED_AUTOS = YES_AGGRESSIVE;
				GCC_WARN_UNUSED_FUNCTION = YES;
				GCC_WARN_UNUSED_VARIABLE = YES;
				IPHONEOS_DEPLOYMENT_TARGET = 9.3;
				MTL_ENABLE_DEBUG_INFO = NO;
				SDKROOT = iphoneos;
				VALIDATE_PRODUCT = YES;
			};
			name = Release;
		};
		811B36C61CF6B0B400058002 /* Debug */ = {
			isa = XCBuildConfiguration;
			buildSettings = {
				ASSETCATALOG_COMPILER_APPICON_NAME = AppIcon;
				INFOPLIST_FILE = TipCalc/Info.plist;
				LD_RUNPATH_SEARCH_PATHS = "$(inherited) @executable_path/Frameworks";
				PRODUCT_BUNDLE_IDENTIFIER = com.lhagel.TipCalc;
				PRODUCT_NAME = "$(TARGET_NAME)";
			};
			name = Debug;
		};
		811B36C71CF6B0B400058002 /* Release */ = {
			isa = XCBuildConfiguration;
			buildSettings = {
				ASSETCATALOG_COMPILER_APPICON_NAME = AppIcon;
				INFOPLIST_FILE = TipCalc/Info.plist;
				LD_RUNPATH_SEARCH_PATHS = "$(inherited) @executable_path/Frameworks";
				PRODUCT_BUNDLE_IDENTIFIER = com.lhagel.TipCalc;
				PRODUCT_NAME = "$(TARGET_NAME)";
			};
			name = Release;
		};
		811B36C91CF6B0B400058002 /* Debug */ = {
			isa = XCBuildConfiguration;
			buildSettings = {
				BUNDLE_LOADER = "$(TEST_HOST)";
				INFOPLIST_FILE = TipCalcTests/Info.plist;
				LD_RUNPATH_SEARCH_PATHS = "$(inherited) @executable_path/Frameworks @loader_path/Frameworks";
				PRODUCT_BUNDLE_IDENTIFIER = com.lhagel.TipCalcTests;
				PRODUCT_NAME = "$(TARGET_NAME)";
				TEST_HOST = "$(BUILT_PRODUCTS_DIR)/TipCalc.app/TipCalc";
			};
			name = Debug;
		};
		811B36CA1CF6B0B400058002 /* Release */ = {
			isa = XCBuildConfiguration;
			buildSettings = {
				BUNDLE_LOADER = "$(TEST_HOST)";
				INFOPLIST_FILE = TipCalcTests/Info.plist;
				LD_RUNPATH_SEARCH_PATHS = "$(inherited) @executable_path/Frameworks @loader_path/Frameworks";
				PRODUCT_BUNDLE_IDENTIFIER = com.lhagel.TipCalcTests;
				PRODUCT_NAME = "$(TARGET_NAME)";
				TEST_HOST = "$(BUILT_PRODUCTS_DIR)/TipCalc.app/TipCalc";
			};
			name = Release;
		};
		811B36CC1CF6B0B400058002 /* Debug */ = {
			isa = XCBuildConfiguration;
			buildSettings = {
				INFOPLIST_FILE = TipCalcUITests/Info.plist;
				LD_RUNPATH_SEARCH_PATHS = "$(inherited) @executable_path/Frameworks @loader_path/Frameworks";
				PRODUCT_BUNDLE_IDENTIFIER = com.lhagel.TipCalcUITests;
				PRODUCT_NAME = "$(TARGET_NAME)";
				TEST_TARGET_NAME = TipCalc;
			};
			name = Debug;
		};
		811B36CD1CF6B0B400058002 /* Release */ = {
			isa = XCBuildConfiguration;
			buildSettings = {
				INFOPLIST_FILE = TipCalcUITests/Info.plist;
				LD_RUNPATH_SEARCH_PATHS = "$(inherited) @executable_path/Frameworks @loader_path/Frameworks";
				PRODUCT_BUNDLE_IDENTIFIER = com.lhagel.TipCalcUITests;
				PRODUCT_NAME = "$(TARGET_NAME)";
				TEST_TARGET_NAME = TipCalc;
			};
			name = Release;
		};
/* End XCBuildConfiguration section */

/* Begin XCConfigurationList section */
		811B36981CF6B0B400058002 /* Build configuration list for PBXProject "TipCalc" */ = {
			isa = XCConfigurationList;
			buildConfigurations = (
				811B36C31CF6B0B400058002 /* Debug */,
				811B36C41CF6B0B400058002 /* Release */,
			);
			defaultConfigurationIsVisible = 0;
			defaultConfigurationName = Release;
		};
		811B36C51CF6B0B400058002 /* Build configuration list for PBXNativeTarget "TipCalc" */ = {
			isa = XCConfigurationList;
			buildConfigurations = (
				811B36C61CF6B0B400058002 /* Debug */,
				811B36C71CF6B0B400058002 /* Release */,
			);
			defaultConfigurationIsVisible = 0;
		};
		811B36C81CF6B0B400058002 /* Build configuration list for PBXNativeTarget "TipCalcTests" */ = {
			isa = XCConfigurationList;
			buildConfigurations = (
				811B36C91CF6B0B400058002 /* Debug */,
				811B36CA1CF6B0B400058002 /* Release */,
			);
			defaultConfigurationIsVisible = 0;
		};
		811B36CB1CF6B0B400058002 /* Build configuration list for PBXNativeTarget "TipCalcUITests" */ = {
			isa = XCConfigurationList;
			buildConfigurations = (
				811B36CC1CF6B0B400058002 /* Debug */,
				811B36CD1CF6B0B400058002 /* Release */,
			);
			defaultConfigurationIsVisible = 0;
		};
/* End XCConfigurationList section */
	};
	rootObject = 811B36951CF6B0B400058002 /* Project object */;
}
